# This file is automatically @generated by Cargo.
# It is not intended for manual editing.
version = 4

[[package]]
name = "lc3-asm"
version = "0.1.0"
dependencies = [
 "lc3-image",
]

[[package]]
name = "lc3-cli"
version = "0.1.0"
dependencies = [
 "lc3-asm",
]

[[package]]
name = "lc3-image"
version = "0.1.0"
